// !$*UTF8*$!
{
	archiveVersion = 1;
	classes = {
	};
	objectVersion = 56;
	objects = {

/* Begin PBXBuildFile section */
		AEA916972C59580B00492FA1 /* SnapKit in Frameworks */ = {isa = PBXBuildFile; productRef = AEA916962C59580B00492FA1 /* SnapKit */; };
		AEA916992C59580B00492FA1 /* SnapKit-Dynamic in Frameworks */ = {isa = PBXBuildFile; productRef = AEA916982C59580B00492FA1 /* SnapKit-Dynamic */; };
		AEA9169C2C595D7600492FA1 /* AuthRouter.swift in Sources */ = {isa = PBXBuildFile; fileRef = AEA9169B2C595D7600492FA1 /* AuthRouter.swift */; };
		AED68EA52C4AB3E000F8342E /* AuthViewModel.swift in Sources */ = {isa = PBXBuildFile; fileRef = AED68EA42C4AB3E000F8342E /* AuthViewModel.swift */; };
		AED68EA72C4AB3EA00F8342E /* CoinsViewModel.swift in Sources */ = {isa = PBXBuildFile; fileRef = AED68EA62C4AB3EA00F8342E /* CoinsViewModel.swift */; };
		D8C838ED2C385148003A6005 /* AppDelegate.swift in Sources */ = {isa = PBXBuildFile; fileRef = D8C838EC2C385148003A6005 /* AppDelegate.swift */; };
		D8C838EF2C385148003A6005 /* SceneDelegate.swift in Sources */ = {isa = PBXBuildFile; fileRef = D8C838EE2C385148003A6005 /* SceneDelegate.swift */; };
		D8C838F12C385148003A6005 /* AuthViewController.swift in Sources */ = {isa = PBXBuildFile; fileRef = D8C838F02C385148003A6005 /* AuthViewController.swift */; };
		D8C838F62C385149003A6005 /* Assets.xcassets in Resources */ = {isa = PBXBuildFile; fileRef = D8C838F52C385149003A6005 /* Assets.xcassets */; };
		D8C838F92C385149003A6005 /* Base in Resources */ = {isa = PBXBuildFile; fileRef = D8C838F82C385149003A6005 /* Base */; };
		D8C8390C2C454D81003A6005 /* CoinsViewController.swift in Sources */ = {isa = PBXBuildFile; fileRef = D8C8390B2C454D81003A6005 /* CoinsViewController.swift */; };
		D8C839262C554B56003A6005 /* AppRouter.swift in Sources */ = {isa = PBXBuildFile; fileRef = D8C839252C554B56003A6005 /* AppRouter.swift */; };
		D8C839282C554EC3003A6005 /* AuthRouterProtocol.swift in Sources */ = {isa = PBXBuildFile; fileRef = D8C839272C554EC3003A6005 /* AuthRouterProtocol.swift */; };
		D8C8392A2C55584D003A6005 /* CustomTextField.swift in Sources */ = {isa = PBXBuildFile; fileRef = D8C839292C55584D003A6005 /* CustomTextField.swift */; };
/* End PBXBuildFile section */

/* Begin PBXFileReference section */
		AEA9169B2C595D7600492FA1 /* AuthRouter.swift */ = {isa = PBXFileReference; lastKnownFileType = sourcecode.swift; path = AuthRouter.swift; sourceTree = "<group>"; };
		AED68EA42C4AB3E000F8342E /* AuthViewModel.swift */ = {isa = PBXFileReference; lastKnownFileType = sourcecode.swift; name = AuthViewModel.swift; path = ../AuthViewModel.swift; sourceTree = "<group>"; };
		AED68EA62C4AB3EA00F8342E /* CoinsViewModel.swift */ = {isa = PBXFileReference; lastKnownFileType = sourcecode.swift; path = CoinsViewModel.swift; sourceTree = "<group>"; };
		D8C838E92C385148003A6005 /* CryptoWallet.app */ = {isa = PBXFileReference; explicitFileType = wrapper.application; includeInIndex = 0; path = CryptoWallet.app; sourceTree = BUILT_PRODUCTS_DIR; };
		D8C838EC2C385148003A6005 /* AppDelegate.swift */ = {isa = PBXFileReference; lastKnownFileType = sourcecode.swift; path = AppDelegate.swift; sourceTree = "<group>"; };
		D8C838EE2C385148003A6005 /* SceneDelegate.swift */ = {isa = PBXFileReference; lastKnownFileType = sourcecode.swift; path = SceneDelegate.swift; sourceTree = "<group>"; };
		D8C838F02C385148003A6005 /* AuthViewController.swift */ = {isa = PBXFileReference; lastKnownFileType = sourcecode.swift; path = AuthViewController.swift; sourceTree = "<group>"; };
		D8C838F52C385149003A6005 /* Assets.xcassets */ = {isa = PBXFileReference; lastKnownFileType = folder.assetcatalog; path = Assets.xcassets; sourceTree = "<group>"; };
		D8C838F82C385149003A6005 /* Base */ = {isa = PBXFileReference; lastKnownFileType = file.storyboard; name = Base; path = Base.lproj/LaunchScreen.storyboard; sourceTree = "<group>"; };
		D8C838FA2C385149003A6005 /* Info.plist */ = {isa = PBXFileReference; lastKnownFileType = text.plist.xml; path = Info.plist; sourceTree = "<group>"; };
		D8C8390B2C454D81003A6005 /* CoinsViewController.swift */ = {isa = PBXFileReference; lastKnownFileType = sourcecode.swift; path = CoinsViewController.swift; sourceTree = "<group>"; };
		D8C839252C554B56003A6005 /* AppRouter.swift */ = {isa = PBXFileReference; lastKnownFileType = sourcecode.swift; path = AppRouter.swift; sourceTree = "<group>"; };
		D8C839272C554EC3003A6005 /* AuthRouterProtocol.swift */ = {isa = PBXFileReference; lastKnownFileType = sourcecode.swift; path = AuthRouterProtocol.swift; sourceTree = "<group>"; };
		D8C839292C55584D003A6005 /* CustomTextField.swift */ = {isa = PBXFileReference; lastKnownFileType = sourcecode.swift; path = CustomTextField.swift; sourceTree = "<group>"; };
/* End PBXFileReference section */

/* Begin PBXFrameworksBuildPhase section */
		D8C838E62C385148003A6005 /* Frameworks */ = {
			isa = PBXFrameworksBuildPhase;
			buildActionMask = 2147483647;
			files = (
				AEA916972C59580B00492FA1 /* SnapKit in Frameworks */,
				AEA916992C59580B00492FA1 /* SnapKit-Dynamic in Frameworks */,
			);
			runOnlyForDeploymentPostprocessing = 0;
		};
/* End PBXFrameworksBuildPhase section */

/* Begin PBXGroup section */
		D8C838E02C385148003A6005 = {
			isa = PBXGroup;
			children = (
				D8C838EB2C385148003A6005 /* CryptoWallet */,
				D8C838EA2C385148003A6005 /* Products */,
			);
			sourceTree = "<group>";
		};
		D8C838EA2C385148003A6005 /* Products */ = {
			isa = PBXGroup;
			children = (
				D8C838E92C385148003A6005 /* CryptoWallet.app */,
			);
			name = Products;
			sourceTree = "<group>";
		};
		D8C838EB2C385148003A6005 /* CryptoWallet */ = {
			isa = PBXGroup;
			children = (
				D8C838EC2C385148003A6005 /* AppDelegate.swift */,
				D8C838EE2C385148003A6005 /* SceneDelegate.swift */,
				D8C8390B2C454D81003A6005 /* CoinsViewController.swift */,
				AED68EA62C4AB3EA00F8342E /* CoinsViewModel.swift */,
				D8C838F02C385148003A6005 /* AuthViewController.swift */,
				D8C839292C55584D003A6005 /* CustomTextField.swift */,
				D8C839252C554B56003A6005 /* AppRouter.swift */,
				D8C838F52C385149003A6005 /* Assets.xcassets */,
				D8C839272C554EC3003A6005 /* AuthRouterProtocol.swift */,
				D8C838F72C385149003A6005 /* LaunchScreen.storyboard */,
				D8C838FA2C385149003A6005 /* Info.plist */,
				D8C8390A2C4438E6003A6005 /* Models */,
			);
			path = CryptoWallet;
			sourceTree = "<group>";
		};
		D8C8390A2C4438E6003A6005 /* Models */ = {
			isa = PBXGroup;
			children = (
				AED68EA42C4AB3E000F8342E /* AuthViewModel.swift */,
				AEA9169B2C595D7600492FA1 /* AuthRouter.swift */,
			);
			path = Models;
			sourceTree = "<group>";
		};
/* End PBXGroup section */

/* Begin PBXNativeTarget section */
		D8C838E82C385148003A6005 /* CryptoWallet */ = {
			isa = PBXNativeTarget;
			buildConfigurationList = D8C838FD2C385149003A6005 /* Build configuration list for PBXNativeTarget "CryptoWallet" */;
			buildPhases = (
				D8C838E52C385148003A6005 /* Sources */,
				D8C838E62C385148003A6005 /* Frameworks */,
				D8C838E72C385148003A6005 /* Resources */,
			);
			buildRules = (
			);
			dependencies = (
			);
			name = CryptoWallet;
			packageProductDependencies = (
				AEA916962C59580B00492FA1 /* SnapKit */,
				AEA916982C59580B00492FA1 /* SnapKit-Dynamic */,
			);
			productName = CryptoWallet;
			productReference = D8C838E92C385148003A6005 /* CryptoWallet.app */;
			productType = "com.apple.product-type.application";
		};
/* End PBXNativeTarget section */

/* Begin PBXProject section */
		D8C838E12C385148003A6005 /* Project object */ = {
			isa = PBXProject;
			attributes = {
				BuildIndependentTargetsInParallel = 1;
				LastSwiftUpdateCheck = 1540;
				LastUpgradeCheck = 1540;
				TargetAttributes = {
					D8C838E82C385148003A6005 = {
						CreatedOnToolsVersion = 15.4;
					};
				};
			};
			buildConfigurationList = D8C838E42C385148003A6005 /* Build configuration list for PBXProject "CryptoWallet" */;
			compatibilityVersion = "Xcode 14.0";
			developmentRegion = en;
			hasScannedForEncodings = 0;
			knownRegions = (
				en,
				Base,
			);
			mainGroup = D8C838E02C385148003A6005;
			packageReferences = (
				AEA916952C59580B00492FA1 /* XCRemoteSwiftPackageReference "SnapKit" */,
			);
			productRefGroup = D8C838EA2C385148003A6005 /* Products */;
			projectDirPath = "";
			projectRoot = "";
			targets = (
				D8C838E82C385148003A6005 /* CryptoWallet */,
			);
		};
/* End PBXProject section */

/* Begin PBXResourcesBuildPhase section */
		D8C838E72C385148003A6005 /* Resources */ = {
			isa = PBXResourcesBuildPhase;
			buildActionMask = 2147483647;
			files = (
				D8C838F62C385149003A6005 /* Assets.xcassets in Resources */,
				D8C838F92C385149003A6005 /* Base in Resources */,
			);
			runOnlyForDeploymentPostprocessing = 0;
		};
/* End PBXResourcesBuildPhase section */

/* Begin PBXSourcesBuildPhase section */
		D8C838E52C385148003A6005 /* Sources */ = {
			isa = PBXSourcesBuildPhase;
			buildActionMask = 2147483647;
			files = (
				D8C839282C554EC3003A6005 /* AuthRouterProtocol.swift in Sources */,
				D8C838F12C385148003A6005 /* AuthViewController.swift in Sources */,
				AEA9169C2C595D7600492FA1 /* AuthRouter.swift in Sources */,
				AED68EA72C4AB3EA00F8342E /* CoinsViewModel.swift in Sources */,
				D8C838ED2C385148003A6005 /* AppDelegate.swift in Sources */,
				AED68EA52C4AB3E000F8342E /* AuthViewModel.swift in Sources */,
				D8C839262C554B56003A6005 /* AppRouter.swift in Sources */,
				D8C8390C2C454D81003A6005 /* CoinsViewController.swift in Sources */,
				D8C838EF2C385148003A6005 /* SceneDelegate.swift in Sources */,
				D8C8392A2C55584D003A6005 /* CustomTextField.swift in Sources */,
			);
			runOnlyForDeploymentPostprocessing = 0;
		};
/* End PBXSourcesBuildPhase section */

/* Begin PBXVariantGroup section */
		D8C838F72C385149003A6005 /* LaunchScreen.storyboard */ = {
			isa = PBXVariantGroup;
			children = (
				D8C838F82C385149003A6005 /* Base */,
			);
			name = LaunchScreen.storyboard;
			sourceTree = "<group>";
		};
/* End PBXVariantGroup section */

/* Begin XCBuildConfiguration section */
		D8C838FB2C385149003A6005 /* Debug */ = {
			isa = XCBuildConfiguration;
			buildSettings = {
				ALWAYS_SEARCH_USER_PATHS = NO;
				ASSETCATALOG_COMPILER_GENERATE_SWIFT_ASSET_SYMBOL_EXTENSIONS = YES;
				CLANG_ANALYZER_NONNULL = YES;
				CLANG_ANALYZER_NUMBER_OBJECT_CONVERSION = YES_AGGRESSIVE;
				CLANG_CXX_LANGUAGE_STANDARD = "gnu++20";
				CLANG_ENABLE_MODULES = YES;
				CLANG_ENABLE_OBJC_ARC = YES;
				CLANG_ENABLE_OBJC_WEAK = YES;
				CLANG_WARN_BLOCK_CAPTURE_AUTORELEASING = YES;
				CLANG_WARN_BOOL_CONVERSION = YES;
				CLANG_WARN_COMMA = YES;
				CLANG_WARN_CONSTANT_CONVERSION = YES;
				CLANG_WARN_DEPRECATED_OBJC_IMPLEMENTATIONS = YES;
				CLANG_WARN_DIRECT_OBJC_ISA_USAGE = YES_ERROR;
				CLANG_WARN_DOCUMENTATION_COMMENTS = YES;
				CLANG_WARN_EMPTY_BODY = YES;
				CLANG_WARN_ENUM_CONVERSION = YES;
				CLANG_WARN_INFINITE_RECURSION = YES;
				CLANG_WARN_INT_CONVERSION = YES;
				CLANG_WARN_NON_LITERAL_NULL_CONVERSION = YES;
				CLANG_WARN_OBJC_IMPLICIT_RETAIN_SELF = YES;
				CLANG_WARN_OBJC_LITERAL_CONVERSION = YES;
				CLANG_WARN_OBJC_ROOT_CLASS = YES_ERROR;
				CLANG_WARN_QUOTED_INCLUDE_IN_FRAMEWORK_HEADER = YES;
				CLANG_WARN_RANGE_LOOP_ANALYSIS = YES;
				CLANG_WARN_STRICT_PROTOTYPES = YES;
				CLANG_WARN_SUSPICIOUS_MOVE = YES;
				CLANG_WARN_UNGUARDED_AVAILABILITY = YES_AGGRESSIVE;
				CLANG_WARN_UNREACHABLE_CODE = YES;
				CLANG_WARN__DUPLICATE_METHOD_MATCH = YES;
				COPY_PHASE_STRIP = NO;
				DEBUG_INFORMATION_FORMAT = dwarf;
				ENABLE_STRICT_OBJC_MSGSEND = YES;
				ENABLE_TESTABILITY = YES;
				ENABLE_USER_SCRIPT_SANDBOXING = YES;
				GCC_C_LANGUAGE_STANDARD = gnu17;
				GCC_DYNAMIC_NO_PIC = NO;
				GCC_NO_COMMON_BLOCKS = YES;
				GCC_OPTIMIZATION_LEVEL = 0;
				GCC_PREPROCESSOR_DEFINITIONS = (
					"DEBUG=1",
					"$(inherited)",
				);
				GCC_WARN_64_TO_32_BIT_CONVERSION = YES;
				GCC_WARN_ABOUT_RETURN_TYPE = YES_ERROR;
				GCC_WARN_UNDECLARED_SELECTOR = YES;
				GCC_WARN_UNINITIALIZED_AUTOS = YES_AGGRESSIVE;
				GCC_WARN_UNUSED_FUNCTION = YES;
				GCC_WARN_UNUSED_VARIABLE = YES;
				IPHONEOS_DEPLOYMENT_TARGET = 13.0;
				LOCALIZATION_PREFERS_STRING_CATALOGS = YES;
				MTL_ENABLE_DEBUG_INFO = INCLUDE_SOURCE;
				MTL_FAST_MATH = YES;
				ONLY_ACTIVE_ARCH = YES;
				SDKROOT = iphoneos;
				SWIFT_ACTIVE_COMPILATION_CONDITIONS = "DEBUG $(inherited)";
				SWIFT_OPTIMIZATION_LEVEL = "-Onone";
			};
			name = Debug;
		};
		D8C838FC2C385149003A6005 /* Release */ = {
			isa = XCBuildConfiguration;
			buildSettings = {
				ALWAYS_SEARCH_USER_PATHS = NO;
				ASSETCATALOG_COMPILER_GENERATE_SWIFT_ASSET_SYMBOL_EXTENSIONS = YES;
				CLANG_ANALYZER_NONNULL = YES;
				CLANG_ANALYZER_NUMBER_OBJECT_CONVERSION = YES_AGGRESSIVE;
				CLANG_CXX_LANGUAGE_STANDARD = "gnu++20";
				CLANG_ENABLE_MODULES = YES;
				CLANG_ENABLE_OBJC_ARC = YES;
				CLANG_ENABLE_OBJC_WEAK = YES;
				CLANG_WARN_BLOCK_CAPTURE_AUTORELEASING = YES;
				CLANG_WARN_BOOL_CONVERSION = YES;
				CLANG_WARN_COMMA = YES;
				CLANG_WARN_CONSTANT_CONVERSION = YES;
				CLANG_WARN_DEPRECATED_OBJC_IMPLEMENTATIONS = YES;
				CLANG_WARN_DIRECT_OBJC_ISA_USAGE = YES_ERROR;
				CLANG_WARN_DOCUMENTATION_COMMENTS = YES;
				CLANG_WARN_EMPTY_BODY = YES;
				CLANG_WARN_ENUM_CONVERSION = YES;
				CLANG_WARN_INFINITE_RECURSION = YES;
				CLANG_WARN_INT_CONVERSION = YES;
				CLANG_WARN_NON_LITERAL_NULL_CONVERSION = YES;
				CLANG_WARN_OBJC_IMPLICIT_RETAIN_SELF = YES;
				CLANG_WARN_OBJC_LITERAL_CONVERSION = YES;
				CLANG_WARN_OBJC_ROOT_CLASS = YES_ERROR;
				CLANG_WARN_QUOTED_INCLUDE_IN_FRAMEWORK_HEADER = YES;
				CLANG_WARN_RANGE_LOOP_ANALYSIS = YES;
				CLANG_WARN_STRICT_PROTOTYPES = YES;
				CLANG_WARN_SUSPICIOUS_MOVE = YES;
				CLANG_WARN_UNGUARDED_AVAILABILITY = YES_AGGRESSIVE;
				CLANG_WARN_UNREACHABLE_CODE = YES;
				CLANG_WARN__DUPLICATE_METHOD_MATCH = YES;
				COPY_PHASE_STRIP = NO;
				DEBUG_INFORMATION_FORMAT = "dwarf-with-dsym";
				ENABLE_NS_ASSERTIONS = NO;
				ENABLE_STRICT_OBJC_MSGSEND = YES;
				ENABLE_USER_SCRIPT_SANDBOXING = YES;
				GCC_C_LANGUAGE_STANDARD = gnu17;
				GCC_NO_COMMON_BLOCKS = YES;
				GCC_WARN_64_TO_32_BIT_CONVERSION = YES;
				GCC_WARN_ABOUT_RETURN_TYPE = YES_ERROR;
				GCC_WARN_UNDECLARED_SELECTOR = YES;
				GCC_WARN_UNINITIALIZED_AUTOS = YES_AGGRESSIVE;
				GCC_WARN_UNUSED_FUNCTION = YES;
				GCC_WARN_UNUSED_VARIABLE = YES;
				IPHONEOS_DEPLOYMENT_TARGET = 13.0;
				LOCALIZATION_PREFERS_STRING_CATALOGS = YES;
				MTL_ENABLE_DEBUG_INFO = NO;
				MTL_FAST_MATH = YES;
				SDKROOT = iphoneos;
				SWIFT_COMPILATION_MODE = wholemodule;
				VALIDATE_PRODUCT = YES;
			};
			name = Release;
		};
		D8C838FE2C385149003A6005 /* Debug */ = {
			isa = XCBuildConfiguration;
			buildSettings = {
				ASSETCATALOG_COMPILER_APPICON_NAME = AppIcon;
				ASSETCATALOG_COMPILER_GLOBAL_ACCENT_COLOR_NAME = AccentColor;
				CODE_SIGN_STYLE = Automatic;
				CURRENT_PROJECT_VERSION = 1;
				DEVELOPMENT_TEAM = TM23M85252;
				GENERATE_INFOPLIST_FILE = YES;
				INFOPLIST_FILE = CryptoWallet/Info.plist;
				INFOPLIST_KEY_UIApplicationSupportsIndirectInputEvents = YES;
				INFOPLIST_KEY_UILaunchStoryboardName = LaunchScreen;
				INFOPLIST_KEY_UISupportedInterfaceOrientations_iPad = "UIInterfaceOrientationPortrait UIInterfaceOrientationPortraitUpsideDown UIInterfaceOrientationLandscapeLeft UIInterfaceOrientationLandscapeRight";
				INFOPLIST_KEY_UISupportedInterfaceOrientations_iPhone = "UIInterfaceOrientationPortrait UIInterfaceOrientationLandscapeLeft UIInterfaceOrientationLandscapeRight";
				IPHONEOS_DEPLOYMENT_TARGET = 13.0;
				LD_RUNPATH_SEARCH_PATHS = (
					"$(inherited)",
					"@executable_path/Frameworks",
				);
				MARKETING_VERSION = 1.0;
				PRODUCT_BUNDLE_IDENTIFIER = ru.yandex.practicum.CryptoWallet;
				PRODUCT_NAME = "$(TARGET_NAME)";
				SWIFT_EMIT_LOC_STRINGS = YES;
				SWIFT_VERSION = 5.0;
				TARGETED_DEVICE_FAMILY = "1,2";
			};
			name = Debug;
		};
		D8C838FF2C385149003A6005 /* Release */ = {
			isa = XCBuildConfiguration;
			buildSettings = {
				ASSETCATALOG_COMPILER_APPICON_NAME = AppIcon;
				ASSETCATALOG_COMPILER_GLOBAL_ACCENT_COLOR_NAME = AccentColor;
				CODE_SIGN_STYLE = Automatic;
				CURRENT_PROJECT_VERSION = 1;
				DEVELOPMENT_TEAM = TM23M85252;
				GENERATE_INFOPLIST_FILE = YES;
				INFOPLIST_FILE = CryptoWallet/Info.plist;
				INFOPLIST_KEY_UIApplicationSupportsIndirectInputEvents = YES;
				INFOPLIST_KEY_UILaunchStoryboardName = LaunchScreen;
				INFOPLIST_KEY_UISupportedInterfaceOrientations_iPad = "UIInterfaceOrientationPortrait UIInterfaceOrientationPortraitUpsideDown UIInterfaceOrientationLandscapeLeft UIInterfaceOrientationLandscapeRight";
				INFOPLIST_KEY_UISupportedInterfaceOrientations_iPhone = "UIInterfaceOrientationPortrait UIInterfaceOrientationLandscapeLeft UIInterfaceOrientationLandscapeRight";
				IPHONEOS_DEPLOYMENT_TARGET = 13.0;
				LD_RUNPATH_SEARCH_PATHS = (
					"$(inherited)",
					"@executable_path/Frameworks",
				);
				MARKETING_VERSION = 1.0;
				PRODUCT_BUNDLE_IDENTIFIER = ru.yandex.practicum.CryptoWallet;
				PRODUCT_NAME = "$(TARGET_NAME)";
				SWIFT_EMIT_LOC_STRINGS = YES;
				SWIFT_VERSION = 5.0;
				TARGETED_DEVICE_FAMILY = "1,2";
			};
			name = Release;
		};
/* End XCBuildConfiguration section */

/* Begin XCConfigurationList section */
		D8C838E42C385148003A6005 /* Build configuration list for PBXProject "CryptoWallet" */ = {
			isa = XCConfigurationList;
			buildConfigurations = (
				D8C838FB2C385149003A6005 /* Debug */,
				D8C838FC2C385149003A6005 /* Release */,
			);
			defaultConfigurationIsVisible = 0;
			defaultConfigurationName = Release;
		};
		D8C838FD2C385149003A6005 /* Build configuration list for PBXNativeTarget "CryptoWallet" */ = {
			isa = XCConfigurationList;
			buildConfigurations = (
				D8C838FE2C385149003A6005 /* Debug */,
				D8C838FF2C385149003A6005 /* Release */,
			);
			defaultConfigurationIsVisible = 0;
			defaultConfigurationName = Release;
		};
/* End XCConfigurationList section */

/* Begin XCRemoteSwiftPackageReference section */
		AEA916952C59580B00492FA1 /* XCRemoteSwiftPackageReference "SnapKit" */ = {
			isa = XCRemoteSwiftPackageReference;
			repositoryURL = "https://github.com/SnapKit/SnapKit.git";
			requirement = {
				kind = upToNextMajorVersion;
				minimumVersion = 5.7.1;
			};
		};
/* End XCRemoteSwiftPackageReference section */

/* Begin XCSwiftPackageProductDependency section */
		AEA916962C59580B00492FA1 /* SnapKit */ = {
			isa = XCSwiftPackageProductDependency;
			package = AEA916952C59580B00492FA1 /* XCRemoteSwiftPackageReference "SnapKit" */;
			productName = SnapKit;
		};
		AEA916982C59580B00492FA1 /* SnapKit-Dynamic */ = {
			isa = XCSwiftPackageProductDependency;
			package = AEA916952C59580B00492FA1 /* XCRemoteSwiftPackageReference "SnapKit" */;
			productName = "SnapKit-Dynamic";
		};
/* End XCSwiftPackageProductDependency section */
	};
	rootObject = D8C838E12C385148003A6005 /* Project object */;
}
